
Microsoft Visual Studio Solution File, Format Version 12.00
# Visual Studio Version 16
VisualStudioVersion = 16.0.31424.327
MinimumVisualStudioVersion = 10.0.40219.1
Project("{FAE04EC0-301F-11D3-BF4B-00C04F79EFBC}") = "WebAPI", "WebAPI\WebAPI.csproj", "{7168D869-61C3-4AFE-AA9B-276261D3CD2E}"
EndProject
Project("{FAE04EC0-301F-11D3-BF4B-00C04F79EFBC}") = "WebAPI.BL", "WebAPI.BL\WebAPI.BL.csproj", "{751C536A-0A47-405B-B26F-EDFB476F0FCB}"
EndProject
Project("{FAE04EC0-301F-11D3-BF4B-00C04F79EFBC}") = "WebAPI.DTO", "WebAPI.DTO\WebAPI.DTO.csproj", "{4D04F13C-3985-43A0-9FD6-7C34B8C248C8}"
EndProject
Global
	GlobalSection(SolutionConfigurationPlatforms) = preSolution
		Debug|Any CPU = Debug|Any CPU
		Release|Any CPU = Release|Any CPU
	EndGlobalSection
	GlobalSection(ProjectConfigurationPlatforms) = postSolution
		{7168D869-61C3-4AFE-AA9B-276261D3CD2E}.Debug|Any CPU.ActiveCfg = Debug|Any CPU
		{7168D869-61C3-4AFE-AA9B-276261D3CD2E}.Debug|Any CPU.Build.0 = Debug|Any CPU
		{7168D869-61C3-4AFE-AA9B-276261D3CD2E}.Release|Any CPU.ActiveCfg = Release|Any CPU
		{7168D869-61C3-4AFE-AA9B-276261D3CD2E}.Release|Any CPU.Build.0 = Release|Any CPU
		{751C536A-0A47-405B-B26F-EDFB476F0FCB}.Debug|Any CPU.ActiveCfg = Debug|Any CPU
		{751C536A-0A47-405B-B26F-EDFB476F0FCB}.Debug|Any CPU.Build.0 = Debug|Any CPU
		{751C536A-0A47-405B-B26F-EDFB476F0FCB}.Release|Any CPU.ActiveCfg = Release|Any CPU
		{751C536A-0A47-405B-B26F-EDFB476F0FCB}.Release|Any CPU.Build.0 = Release|Any CPU
		{4D04F13C-3985-43A0-9FD6-7C34B8C248C8}.Debug|Any CPU.ActiveCfg = Debug|Any CPU
		{4D04F13C-3985-43A0-9FD6-7C34B8C248C8}.Debug|Any CPU.Build.0 = Debug|Any CPU
		{4D04F13C-3985-43A0-9FD6-7C34B8C248C8}.Release|Any CPU.ActiveCfg = Release|Any CPU
		{4D04F13C-3985-43A0-9FD6-7C34B8C248C8}.Release|Any CPU.Build.0 = Release|Any CPU
	EndGlobalSection
	GlobalSection(SolutionProperties) = preSolution
		HideSolutionNode = FALSE
	EndGlobalSection
	GlobalSection(ExtensibilityGlobals) = postSolution
		SolutionGuid = {F655C63B-3AAA-4012-8715-41F0311471C2}
	EndGlobalSection
EndGlobal
